[[package]]
category = "main"
description = "Python parser for the CommonMark Markdown spec"
name = "commonmark"
optional = false
python-versions = "*"
version = "0.8.1"

[package.dependencies]
future = "*"

[[package]]
category = "main"
description = "Clean single-source support for Python 3 and 2"
name = "future"
optional = false
python-versions = ">=2.6, !=3.0.*, !=3.1.*, !=3.2.*"
version = "0.17.1"

[metadata]
content-hash = "47812896860f7ea32c80b8b106870a6aa8f474abaca967e4b785ce209dbac97f"
python-versions = "^3.7"

[metadata.hashes]
commonmark = ["9f6dda7876b2bb88dd784440166f4bc8e56cb2b2551264051123bacb0b6c1d8a", "abcbc854e0eae5deaf52ae5e328501b78b4a0758bf98ac8bb792fce993006084"]
future = ["67045236dcfd6816dc439556d009594abf643e5eb48992e36beac09c2ca659b8"]
